// !$*UTF8*$!
{
	archiveVersion = 1;
	classes = {
	};
	objectVersion = 50;
	objects = {

/* Begin PBXBuildFile section */
		ED9E38F2264C392400C9B28A /* AppDelegate.swift in Sources */ = {isa = PBXBuildFile; fileRef = ED9E38F1264C392400C9B28A /* AppDelegate.swift */; };
		ED9E38F4264C392400C9B28A /* SceneDelegate.swift in Sources */ = {isa = PBXBuildFile; fileRef = ED9E38F3264C392400C9B28A /* SceneDelegate.swift */; };
		ED9E38FB264C392800C9B28A /* Assets.xcassets in Resources */ = {isa = PBXBuildFile; fileRef = ED9E38FA264C392800C9B28A /* Assets.xcassets */; };
		ED9E38FE264C392800C9B28A /* LaunchScreen.storyboard in Resources */ = {isa = PBXBuildFile; fileRef = ED9E38FC264C392800C9B28A /* LaunchScreen.storyboard */; };
		ED9E3911264C3B9700C9B28A /* HomeViewController.swift in Sources */ = {isa = PBXBuildFile; fileRef = ED9E3910264C3B9700C9B28A /* HomeViewController.swift */; };
		ED9E3914264C3B9E00C9B28A /* SearchViewController.swift in Sources */ = {isa = PBXBuildFile; fileRef = ED9E3913264C3B9E00C9B28A /* SearchViewController.swift */; };
		ED9E3917264C3BA400C9B28A /* LibraryViewController.swift in Sources */ = {isa = PBXBuildFile; fileRef = ED9E3916264C3BA400C9B28A /* LibraryViewController.swift */; };
		ED9E391D264C3BDD00C9B28A /* AuthViewController.swift in Sources */ = {isa = PBXBuildFile; fileRef = ED9E391C264C3BDD00C9B28A /* AuthViewController.swift */; };
		ED9E3920264C3BF200C9B28A /* ProfileViewController.swift in Sources */ = {isa = PBXBuildFile; fileRef = ED9E391F264C3BF200C9B28A /* ProfileViewController.swift */; };
		ED9E3923264C3BF900C9B28A /* SettingsViewController.swift in Sources */ = {isa = PBXBuildFile; fileRef = ED9E3922264C3BF900C9B28A /* SettingsViewController.swift */; };
		ED9E3926264C3C1300C9B28A /* WelcomeViewController.swift in Sources */ = {isa = PBXBuildFile; fileRef = ED9E3925264C3C1300C9B28A /* WelcomeViewController.swift */; };
		ED9E3929264C3C1B00C9B28A /* PlaylistViewController.swift in Sources */ = {isa = PBXBuildFile; fileRef = ED9E3928264C3C1B00C9B28A /* PlaylistViewController.swift */; };
		ED9E392C264C3C2700C9B28A /* PlayerViewController.swift in Sources */ = {isa = PBXBuildFile; fileRef = ED9E392B264C3C2700C9B28A /* PlayerViewController.swift */; };
		ED9E392F264C3C3A00C9B28A /* SearchResultsViewController.swift in Sources */ = {isa = PBXBuildFile; fileRef = ED9E392E264C3C3A00C9B28A /* SearchResultsViewController.swift */; };
		ED9E3934264C3C9C00C9B28A /* AuthManager.swift in Sources */ = {isa = PBXBuildFile; fileRef = ED9E3933264C3C9C00C9B28A /* AuthManager.swift */; };
		ED9E3937264C3CA600C9B28A /* ApiCallers.swift in Sources */ = {isa = PBXBuildFile; fileRef = ED9E3936264C3CA600C9B28A /* ApiCallers.swift */; };
		ED9E393A264C3CB500C9B28A /* HepticsManager.swift in Sources */ = {isa = PBXBuildFile; fileRef = ED9E3939264C3CB500C9B28A /* HepticsManager.swift */; };
		ED9E393F264C3E3100C9B28A /* TabViewController.swift in Sources */ = {isa = PBXBuildFile; fileRef = ED9E393E264C3E3100C9B28A /* TabViewController.swift */; };
		EDB21924264C5AD90079D21A /* Extensions.swift in Sources */ = {isa = PBXBuildFile; fileRef = EDB21923264C5AD90079D21A /* Extensions.swift */; };
		EDECD3D12653103E00093051 /* AuthResponse.swift in Sources */ = {isa = PBXBuildFile; fileRef = EDECD3D02653103E00093051 /* AuthResponse.swift */; };
/* End PBXBuildFile section */

/* Begin PBXFileReference section */
		ED9E38EE264C392400C9B28A /* spotify.app */ = {isa = PBXFileReference; explicitFileType = wrapper.application; includeInIndex = 0; path = spotify.app; sourceTree = BUILT_PRODUCTS_DIR; };
		ED9E38F1264C392400C9B28A /* AppDelegate.swift */ = {isa = PBXFileReference; lastKnownFileType = sourcecode.swift; path = AppDelegate.swift; sourceTree = "<group>"; };
		ED9E38F3264C392400C9B28A /* SceneDelegate.swift */ = {isa = PBXFileReference; lastKnownFileType = sourcecode.swift; path = SceneDelegate.swift; sourceTree = "<group>"; };
		ED9E38FA264C392800C9B28A /* Assets.xcassets */ = {isa = PBXFileReference; lastKnownFileType = folder.assetcatalog; path = Assets.xcassets; sourceTree = "<group>"; };
		ED9E38FD264C392800C9B28A /* Base */ = {isa = PBXFileReference; lastKnownFileType = file.storyboard; name = Base; path = Base.lproj/LaunchScreen.storyboard; sourceTree = "<group>"; };
		ED9E38FF264C392800C9B28A /* Info.plist */ = {isa = PBXFileReference; lastKnownFileType = text.plist.xml; path = Info.plist; sourceTree = "<group>"; };
		ED9E3910264C3B9700C9B28A /* HomeViewController.swift */ = {isa = PBXFileReference; lastKnownFileType = sourcecode.swift; path = HomeViewController.swift; sourceTree = "<group>"; };
		ED9E3913264C3B9E00C9B28A /* SearchViewController.swift */ = {isa = PBXFileReference; lastKnownFileType = sourcecode.swift; path = SearchViewController.swift; sourceTree = "<group>"; };
		ED9E3916264C3BA400C9B28A /* LibraryViewController.swift */ = {isa = PBXFileReference; lastKnownFileType = sourcecode.swift; path = LibraryViewController.swift; sourceTree = "<group>"; };
		ED9E391C264C3BDD00C9B28A /* AuthViewController.swift */ = {isa = PBXFileReference; lastKnownFileType = sourcecode.swift; path = AuthViewController.swift; sourceTree = "<group>"; };
		ED9E391F264C3BF200C9B28A /* ProfileViewController.swift */ = {isa = PBXFileReference; lastKnownFileType = sourcecode.swift; path = ProfileViewController.swift; sourceTree = "<group>"; };
		ED9E3922264C3BF900C9B28A /* SettingsViewController.swift */ = {isa = PBXFileReference; lastKnownFileType = sourcecode.swift; path = SettingsViewController.swift; sourceTree = "<group>"; };
		ED9E3925264C3C1300C9B28A /* WelcomeViewController.swift */ = {isa = PBXFileReference; lastKnownFileType = sourcecode.swift; path = WelcomeViewController.swift; sourceTree = "<group>"; };
		ED9E3928264C3C1B00C9B28A /* PlaylistViewController.swift */ = {isa = PBXFileReference; lastKnownFileType = sourcecode.swift; path = PlaylistViewController.swift; sourceTree = "<group>"; };
		ED9E392B264C3C2700C9B28A /* PlayerViewController.swift */ = {isa = PBXFileReference; lastKnownFileType = sourcecode.swift; path = PlayerViewController.swift; sourceTree = "<group>"; };
		ED9E392E264C3C3A00C9B28A /* SearchResultsViewController.swift */ = {isa = PBXFileReference; lastKnownFileType = sourcecode.swift; path = SearchResultsViewController.swift; sourceTree = "<group>"; };
		ED9E3933264C3C9C00C9B28A /* AuthManager.swift */ = {isa = PBXFileReference; lastKnownFileType = sourcecode.swift; path = AuthManager.swift; sourceTree = "<group>"; };
		ED9E3936264C3CA600C9B28A /* ApiCallers.swift */ = {isa = PBXFileReference; lastKnownFileType = sourcecode.swift; path = ApiCallers.swift; sourceTree = "<group>"; };
		ED9E3939264C3CB500C9B28A /* HepticsManager.swift */ = {isa = PBXFileReference; lastKnownFileType = sourcecode.swift; path = HepticsManager.swift; sourceTree = "<group>"; };
		ED9E393E264C3E3100C9B28A /* TabViewController.swift */ = {isa = PBXFileReference; lastKnownFileType = sourcecode.swift; path = TabViewController.swift; sourceTree = "<group>"; };
		EDB21923264C5AD90079D21A /* Extensions.swift */ = {isa = PBXFileReference; lastKnownFileType = sourcecode.swift; path = Extensions.swift; sourceTree = "<group>"; };
		EDECD3D02653103E00093051 /* AuthResponse.swift */ = {isa = PBXFileReference; lastKnownFileType = sourcecode.swift; path = AuthResponse.swift; sourceTree = "<group>"; };
/* End PBXFileReference section */

/* Begin PBXFrameworksBuildPhase section */
		ED9E38EB264C392400C9B28A /* Frameworks */ = {
			isa = PBXFrameworksBuildPhase;
			buildActionMask = 2147483647;
			files = (
			);
			runOnlyForDeploymentPostprocessing = 0;
		};
/* End PBXFrameworksBuildPhase section */

/* Begin PBXGroup section */
		ED9E38E5264C392400C9B28A = {
			isa = PBXGroup;
			children = (
				ED9E38F0264C392400C9B28A /* spotify */,
				ED9E38EF264C392400C9B28A /* Products */,
			);
			sourceTree = "<group>";
		};
		ED9E38EF264C392400C9B28A /* Products */ = {
			isa = PBXGroup;
			children = (
				ED9E38EE264C392400C9B28A /* spotify.app */,
			);
			name = Products;
			sourceTree = "<group>";
		};
		ED9E38F0264C392400C9B28A /* spotify */ = {
			isa = PBXGroup;
			children = (
				ED9E3907264C3AF300C9B28A /* Resources */,
				ED9E3932264C3C7F00C9B28A /* Manager */,
				ED9E3908264C3B1300C9B28A /* Models */,
				ED9E390C264C3B3D00C9B28A /* Model Views */,
				ED9E390A264C3B2900C9B28A /* Views */,
				ED9E390B264C3B3500C9B28A /* Controllers */,
				ED9E38FF264C392800C9B28A /* Info.plist */,
			);
			path = spotify;
			sourceTree = "<group>";
		};
		ED9E3907264C3AF300C9B28A /* Resources */ = {
			isa = PBXGroup;
			children = (
				ED9E38FA264C392800C9B28A /* Assets.xcassets */,
				ED9E38F1264C392400C9B28A /* AppDelegate.swift */,
				ED9E38F3264C392400C9B28A /* SceneDelegate.swift */,
				EDB21923264C5AD90079D21A /* Extensions.swift */,
			);
			path = Resources;
			sourceTree = "<group>";
		};
		ED9E3908264C3B1300C9B28A /* Models */ = {
			isa = PBXGroup;
			children = (
				EDECD3D02653103E00093051 /* AuthResponse.swift */,
			);
			path = Models;
			sourceTree = "<group>";
		};
		ED9E390A264C3B2900C9B28A /* Views */ = {
			isa = PBXGroup;
			children = (
				ED9E38FC264C392800C9B28A /* LaunchScreen.storyboard */,
			);
			path = Views;
			sourceTree = "<group>";
		};
		ED9E390B264C3B3500C9B28A /* Controllers */ = {
			isa = PBXGroup;
			children = (
				ED9E391B264C3BC400C9B28A /* Others */,
				ED9E3919264C3BB300C9B28A /* Core */,
			);
			path = Controllers;
			sourceTree = "<group>";
		};
		ED9E390C264C3B3D00C9B28A /* Model Views */ = {
			isa = PBXGroup;
			children = (
			);
			name = "Model Views";
			sourceTree = "<group>";
		};
		ED9E3919264C3BB300C9B28A /* Core */ = {
			isa = PBXGroup;
			children = (
				ED9E393E264C3E3100C9B28A /* TabViewController.swift */,
				ED9E3910264C3B9700C9B28A /* HomeViewController.swift */,
				ED9E3913264C3B9E00C9B28A /* SearchViewController.swift */,
				ED9E3916264C3BA400C9B28A /* LibraryViewController.swift */,
			);
			path = Core;
			sourceTree = "<group>";
		};
		ED9E391B264C3BC400C9B28A /* Others */ = {
			isa = PBXGroup;
			children = (
				ED9E391C264C3BDD00C9B28A /* AuthViewController.swift */,
				ED9E391F264C3BF200C9B28A /* ProfileViewController.swift */,
				ED9E3922264C3BF900C9B28A /* SettingsViewController.swift */,
				ED9E3925264C3C1300C9B28A /* WelcomeViewController.swift */,
				ED9E3928264C3C1B00C9B28A /* PlaylistViewController.swift */,
				ED9E392B264C3C2700C9B28A /* PlayerViewController.swift */,
				ED9E392E264C3C3A00C9B28A /* SearchResultsViewController.swift */,
			);
			path = Others;
			sourceTree = "<group>";
		};
		ED9E3932264C3C7F00C9B28A /* Manager */ = {
			isa = PBXGroup;
			children = (
				ED9E3933264C3C9C00C9B28A /* AuthManager.swift */,
				ED9E3936264C3CA600C9B28A /* ApiCallers.swift */,
				ED9E3939264C3CB500C9B28A /* HepticsManager.swift */,
			);
			path = Manager;
			sourceTree = "<group>";
		};
/* End PBXGroup section */

/* Begin PBXNativeTarget section */
		ED9E38ED264C392400C9B28A /* spotify */ = {
			isa = PBXNativeTarget;
			buildConfigurationList = ED9E3902264C392800C9B28A /* Build configuration list for PBXNativeTarget "spotify" */;
			buildPhases = (
				ED9E38EA264C392400C9B28A /* Sources */,
				ED9E38EB264C392400C9B28A /* Frameworks */,
				ED9E38EC264C392400C9B28A /* Resources */,
			);
			buildRules = (
			);
			dependencies = (
			);
			name = spotify;
			productName = spotify;
			productReference = ED9E38EE264C392400C9B28A /* spotify.app */;
			productType = "com.apple.product-type.application";
		};
/* End PBXNativeTarget section */

/* Begin PBXProject section */
		ED9E38E6264C392400C9B28A /* Project object */ = {
			isa = PBXProject;
			attributes = {
				LastSwiftUpdateCheck = 1240;
				LastUpgradeCheck = 1240;
				TargetAttributes = {
					ED9E38ED264C392400C9B28A = {
						CreatedOnToolsVersion = 12.4;
					};
				};
			};
			buildConfigurationList = ED9E38E9264C392400C9B28A /* Build configuration list for PBXProject "spotify" */;
			compatibilityVersion = "Xcode 9.3";
			developmentRegion = en;
			hasScannedForEncodings = 0;
			knownRegions = (
				en,
				Base,
			);
			mainGroup = ED9E38E5264C392400C9B28A;
			productRefGroup = ED9E38EF264C392400C9B28A /* Products */;
			projectDirPath = "";
			projectRoot = "";
			targets = (
				ED9E38ED264C392400C9B28A /* spotify */,
			);
		};
/* End PBXProject section */

/* Begin PBXResourcesBuildPhase section */
		ED9E38EC264C392400C9B28A /* Resources */ = {
			isa = PBXResourcesBuildPhase;
			buildActionMask = 2147483647;
			files = (
				ED9E38FE264C392800C9B28A /* LaunchScreen.storyboard in Resources */,
				ED9E38FB264C392800C9B28A /* Assets.xcassets in Resources */,
			);
			runOnlyForDeploymentPostprocessing = 0;
		};
/* End PBXResourcesBuildPhase section */

/* Begin PBXSourcesBuildPhase section */
		ED9E38EA264C392400C9B28A /* Sources */ = {
			isa = PBXSourcesBuildPhase;
			buildActionMask = 2147483647;
			files = (
				ED9E3914264C3B9E00C9B28A /* SearchViewController.swift in Sources */,
				ED9E3934264C3C9C00C9B28A /* AuthManager.swift in Sources */,
				ED9E3937264C3CA600C9B28A /* ApiCallers.swift in Sources */,
				ED9E3911264C3B9700C9B28A /* HomeViewController.swift in Sources */,
				EDECD3D12653103E00093051 /* AuthResponse.swift in Sources */,
				ED9E3926264C3C1300C9B28A /* WelcomeViewController.swift in Sources */,
				ED9E3923264C3BF900C9B28A /* SettingsViewController.swift in Sources */,
				ED9E392F264C3C3A00C9B28A /* SearchResultsViewController.swift in Sources */,
				ED9E391D264C3BDD00C9B28A /* AuthViewController.swift in Sources */,
				ED9E393F264C3E3100C9B28A /* TabViewController.swift in Sources */,
				ED9E392C264C3C2700C9B28A /* PlayerViewController.swift in Sources */,
				ED9E393A264C3CB500C9B28A /* HepticsManager.swift in Sources */,
				ED9E3917264C3BA400C9B28A /* LibraryViewController.swift in Sources */,
				ED9E3929264C3C1B00C9B28A /* PlaylistViewController.swift in Sources */,
				ED9E3920264C3BF200C9B28A /* ProfileViewController.swift in Sources */,
				EDB21924264C5AD90079D21A /* Extensions.swift in Sources */,
				ED9E38F2264C392400C9B28A /* AppDelegate.swift in Sources */,
				ED9E38F4264C392400C9B28A /* SceneDelegate.swift in Sources */,
			);
			runOnlyForDeploymentPostprocessing = 0;
		};
/* End PBXSourcesBuildPhase section */

/* Begin PBXVariantGroup section */
		ED9E38FC264C392800C9B28A /* LaunchScreen.storyboard */ = {
			isa = PBXVariantGroup;
			children = (
				ED9E38FD264C392800C9B28A /* Base */,
			);
			name = LaunchScreen.storyboard;
			sourceTree = "<group>";
		};
/* End PBXVariantGroup section */

/* Begin XCBuildConfiguration section */
		ED9E3900264C392800C9B28A /* Debug */ = {
			isa = XCBuildConfiguration;
			buildSettings = {
				ALWAYS_SEARCH_USER_PATHS = NO;
				CLANG_ANALYZER_NONNULL = YES;
				CLANG_ANALYZER_NUMBER_OBJECT_CONVERSION = YES_AGGRESSIVE;
				CLANG_CXX_LANGUAGE_STANDARD = "gnu++14";
				CLANG_CXX_LIBRARY = "libc++";
				CLANG_ENABLE_MODULES = YES;
				CLANG_ENABLE_OBJC_ARC = YES;
				CLANG_ENABLE_OBJC_WEAK = YES;
				CLANG_WARN_BLOCK_CAPTURE_AUTORELEASING = YES;
				CLANG_WARN_BOOL_CONVERSION = YES;
				CLANG_WARN_COMMA = YES;
				CLANG_WARN_CONSTANT_CONVERSION = YES;
				CLANG_WARN_DEPRECATED_OBJC_IMPLEMENTATIONS = YES;
				CLANG_WARN_DIRECT_OBJC_ISA_USAGE = YES_ERROR;
				CLANG_WARN_DOCUMENTATION_COMMENTS = YES;
				CLANG_WARN_EMPTY_BODY = YES;
				CLANG_WARN_ENUM_CONVERSION = YES;
				CLANG_WARN_INFINITE_RECURSION = YES;
				CLANG_WARN_INT_CONVERSION = YES;
				CLANG_WARN_NON_LITERAL_NULL_CONVERSION = YES;
				CLANG_WARN_OBJC_IMPLICIT_RETAIN_SELF = YES;
				CLANG_WARN_OBJC_LITERAL_CONVERSION = YES;
				CLANG_WARN_OBJC_ROOT_CLASS = YES_ERROR;
				CLANG_WARN_QUOTED_INCLUDE_IN_FRAMEWORK_HEADER = YES;
				CLANG_WARN_RANGE_LOOP_ANALYSIS = YES;
				CLANG_WARN_STRICT_PROTOTYPES = YES;
				CLANG_WARN_SUSPICIOUS_MOVE = YES;
				CLANG_WARN_UNGUARDED_AVAILABILITY = YES_AGGRESSIVE;
				CLANG_WARN_UNREACHABLE_CODE = YES;
				CLANG_WARN__DUPLICATE_METHOD_MATCH = YES;
				COPY_PHASE_STRIP = NO;
				DEBUG_INFORMATION_FORMAT = dwarf;
				ENABLE_STRICT_OBJC_MSGSEND = YES;
				ENABLE_TESTABILITY = YES;
				GCC_C_LANGUAGE_STANDARD = gnu11;
				GCC_DYNAMIC_NO_PIC = NO;
				GCC_NO_COMMON_BLOCKS = YES;
				GCC_OPTIMIZATION_LEVEL = 0;
				GCC_PREPROCESSOR_DEFINITIONS = (
					"DEBUG=1",
					"$(inherited)",
				);
				GCC_WARN_64_TO_32_BIT_CONVERSION = YES;
				GCC_WARN_ABOUT_RETURN_TYPE = YES_ERROR;
				GCC_WARN_UNDECLARED_SELECTOR = YES;
				GCC_WARN_UNINITIALIZED_AUTOS = YES_AGGRESSIVE;
				GCC_WARN_UNUSED_FUNCTION = YES;
				GCC_WARN_UNUSED_VARIABLE = YES;
				IPHONEOS_DEPLOYMENT_TARGET = 14.4;
				MTL_ENABLE_DEBUG_INFO = INCLUDE_SOURCE;
				MTL_FAST_MATH = YES;
				ONLY_ACTIVE_ARCH = YES;
				SDKROOT = iphoneos;
				SWIFT_ACTIVE_COMPILATION_CONDITIONS = DEBUG;
				SWIFT_OPTIMIZATION_LEVEL = "-Onone";
			};
			name = Debug;
		};
		ED9E3901264C392800C9B28A /* Release */ = {
			isa = XCBuildConfiguration;
			buildSettings = {
				ALWAYS_SEARCH_USER_PATHS = NO;
				CLANG_ANALYZER_NONNULL = YES;
				CLANG_ANALYZER_NUMBER_OBJECT_CONVERSION = YES_AGGRESSIVE;
				CLANG_CXX_LANGUAGE_STANDARD = "gnu++14";
				CLANG_CXX_LIBRARY = "libc++";
				CLANG_ENABLE_MODULES = YES;
				CLANG_ENABLE_OBJC_ARC = YES;
				CLANG_ENABLE_OBJC_WEAK = YES;
				CLANG_WARN_BLOCK_CAPTURE_AUTORELEASING = YES;
				CLANG_WARN_BOOL_CONVERSION = YES;
				CLANG_WARN_COMMA = YES;
				CLANG_WARN_CONSTANT_CONVERSION = YES;
				CLANG_WARN_DEPRECATED_OBJC_IMPLEMENTATIONS = YES;
				CLANG_WARN_DIRECT_OBJC_ISA_USAGE = YES_ERROR;
				CLANG_WARN_DOCUMENTATION_COMMENTS = YES;
				CLANG_WARN_EMPTY_BODY = YES;
				CLANG_WARN_ENUM_CONVERSION = YES;
				CLANG_WARN_INFINITE_RECURSION = YES;
				CLANG_WARN_INT_CONVERSION = YES;
				CLANG_WARN_NON_LITERAL_NULL_CONVERSION = YES;
				CLANG_WARN_OBJC_IMPLICIT_RETAIN_SELF = YES;
				CLANG_WARN_OBJC_LITERAL_CONVERSION = YES;
				CLANG_WARN_OBJC_ROOT_CLASS = YES_ERROR;
				CLANG_WARN_QUOTED_INCLUDE_IN_FRAMEWORK_HEADER = YES;
				CLANG_WARN_RANGE_LOOP_ANALYSIS = YES;
				CLANG_WARN_STRICT_PROTOTYPES = YES;
				CLANG_WARN_SUSPICIOUS_MOVE = YES;
				CLANG_WARN_UNGUARDED_AVAILABILITY = YES_AGGRESSIVE;
				CLANG_WARN_UNREACHABLE_CODE = YES;
				CLANG_WARN__DUPLICATE_METHOD_MATCH = YES;
				COPY_PHASE_STRIP = NO;
				DEBUG_INFORMATION_FORMAT = "dwarf-with-dsym";
				ENABLE_NS_ASSERTIONS = NO;
				ENABLE_STRICT_OBJC_MSGSEND = YES;
				GCC_C_LANGUAGE_STANDARD = gnu11;
				GCC_NO_COMMON_BLOCKS = YES;
				GCC_WARN_64_TO_32_BIT_CONVERSION = YES;
				GCC_WARN_ABOUT_RETURN_TYPE = YES_ERROR;
				GCC_WARN_UNDECLARED_SELECTOR = YES;
				GCC_WARN_UNINITIALIZED_AUTOS = YES_AGGRESSIVE;
				GCC_WARN_UNUSED_FUNCTION = YES;
				GCC_WARN_UNUSED_VARIABLE = YES;
				IPHONEOS_DEPLOYMENT_TARGET = 14.4;
				MTL_ENABLE_DEBUG_INFO = NO;
				MTL_FAST_MATH = YES;
				SDKROOT = iphoneos;
				SWIFT_COMPILATION_MODE = wholemodule;
				SWIFT_OPTIMIZATION_LEVEL = "-O";
				VALIDATE_PRODUCT = YES;
			};
			name = Release;
		};
		ED9E3903264C392800C9B28A /* Debug */ = {
			isa = XCBuildConfiguration;
			buildSettings = {
				ASSETCATALOG_COMPILER_APPICON_NAME = AppIcon;
				ASSETCATALOG_COMPILER_GLOBAL_ACCENT_COLOR_NAME = AccentColor;
				CODE_SIGN_STYLE = Automatic;
				INFOPLIST_FILE = spotify/Info.plist;
				LD_RUNPATH_SEARCH_PATHS = (
					"$(inherited)",
					"@executable_path/Frameworks",
				);
				PRODUCT_BUNDLE_IDENTIFIER = "Naman-iosdev.spotify";
				PRODUCT_NAME = "$(TARGET_NAME)";
				SWIFT_VERSION = 5.0;
				TARGETED_DEVICE_FAMILY = "1,2";
			};
			name = Debug;
		};
		ED9E3904264C392800C9B28A /* Release */ = {
			isa = XCBuildConfiguration;
			buildSettings = {
				ASSETCATALOG_COMPILER_APPICON_NAME = AppIcon;
				ASSETCATALOG_COMPILER_GLOBAL_ACCENT_COLOR_NAME = AccentColor;
				CODE_SIGN_STYLE = Automatic;
				INFOPLIST_FILE = spotify/Info.plist;
				LD_RUNPATH_SEARCH_PATHS = (
					"$(inherited)",
					"@executable_path/Frameworks",
				);
				PRODUCT_BUNDLE_IDENTIFIER = "Naman-iosdev.spotify";
				PRODUCT_NAME = "$(TARGET_NAME)";
				SWIFT_VERSION = 5.0;
				TARGETED_DEVICE_FAMILY = "1,2";
			};
			name = Release;
		};
/* End XCBuildConfiguration section */

/* Begin XCConfigurationList section */
		ED9E38E9264C392400C9B28A /* Build configuration list for PBXProject "spotify" */ = {
			isa = XCConfigurationList;
			buildConfigurations = (
				ED9E3900264C392800C9B28A /* Debug */,
				ED9E3901264C392800C9B28A /* Release */,
			);
			defaultConfigurationIsVisible = 0;
			defaultConfigurationName = Release;
		};
		ED9E3902264C392800C9B28A /* Build configuration list for PBXNativeTarget "spotify" */ = {
			isa = XCConfigurationList;
			buildConfigurations = (
				ED9E3903264C392800C9B28A /* Debug */,
				ED9E3904264C392800C9B28A /* Release */,
			);
			defaultConfigurationIsVisible = 0;
			defaultConfigurationName = Release;
		};
/* End XCConfigurationList section */
	};
	rootObject = ED9E38E6264C392400C9B28A /* Project object */;
}
